
Microsoft Visual Studio Solution File, Format Version 12.00
# Visual Studio Version 16
VisualStudioVersion = 16.0.32002.261
MinimumVisualStudioVersion = 10.0.40219.1
Project("{FAE04EC0-301F-11D3-BF4B-00C04F79EFBC}") = "FaturalamaPol", "FaturalamaPol\FaturalamaPol.csproj", "{865A3640-4295-4954-B616-6E287731BE10}"
EndProject
Global
	GlobalSection(SolutionConfigurationPlatforms) = preSolution
		Debug|Any CPU = Debug|Any CPU
		Release|Any CPU = Release|Any CPU
	EndGlobalSection
	GlobalSection(ProjectConfigurationPlatforms) = postSolution
		{865A3640-4295-4954-B616-6E287731BE10}.Debug|Any CPU.ActiveCfg = Debug|Any CPU
		{865A3640-4295-4954-B616-6E287731BE10}.Debug|Any CPU.Build.0 = Debug|Any CPU
		{865A3640-4295-4954-B616-6E287731BE10}.Release|Any CPU.ActiveCfg = Release|Any CPU
		{865A3640-4295-4954-B616-6E287731BE10}.Release|Any CPU.Build.0 = Release|Any CPU
	EndGlobalSection
	GlobalSection(SolutionProperties) = preSolution
		HideSolutionNode = FALSE
	EndGlobalSection
	GlobalSection(ExtensibilityGlobals) = postSolution
		SolutionGuid = {380E612C-A498-4785-9D4B-87DACF055CC1}
	EndGlobalSection
EndGlobal
